{
    "_readme": [
        "This file locks the dependencies of your project to a known state",
        "Read more about it at https://getcomposer.org/doc/01-basic-usage.md#composer-lock-the-lock-file",
        "This file is @generated automatically"
    ],
    "hash": "fb2ac7e035d5d6db0f1f4847da2e65be",
    "content-hash": "7748294d9434f74b165b5ec695418a8b",
    "packages": [
        {
            "name": "components/font-awesome",
            "version": "4.5.0",
            "source": {
                "type": "git",
                "url": "https://github.com/components/font-awesome.git",
                "reference": "069663a8419f9db90f9bec71e71ed4bb9d28d6ee"
            },
            "dist": {
                "type": "zip",
                "url": "https://api.github.com/repos/components/font-awesome/zipball/069663a8419f9db90f9bec71e71ed4bb9d28d6ee",
                "reference": "069663a8419f9db90f9bec71e71ed4bb9d28d6ee",
                "shasum": ""
            },
            "type": "component",
            "extra": {
                "component": {
                    "styles": [
                        "css/font-awesome.css"
                    ],
                    "files": [
                        "css/font-awesome.min.css",
                        "fonts/*"
                    ]
                }
            },
            "notification-url": "https://packagist.org/downloads/",
            "license": [
                "MIT",
                "OFL-1.1"
            ],
            "description": "The iconic font designed for use with Twitter Bootstrap.",
            "time": "2015-11-24 10:33:56"
        },
        {
            "name": "twbs/bootstrap",
            "version": "dev-master",
            "source": {
                "type": "git",
                "url": "https://github.com/twbs/bootstrap.git",
                "reference": "64f36a316bee1b9324a0411d09fb0531aaf01842"
            },
            "dist": {
                "type": "zip",
                "url": "https://api.github.com/repos/twbs/bootstrap/zipball/64f36a316bee1b9324a0411d09fb0531aaf01842",
                "reference": "64f36a316bee1b9324a0411d09fb0531aaf01842",
                "shasum": ""
            },
            "replace": {
                "twitter/bootstrap": "self.version"
            },
            "type": "library",
            "extra": {
                "branch-alias": {
                    "dev-master": "3.3.x-dev"
                }
            },
            "notification-url": "https://packagist.org/downloads/",
            "license": [
                "MIT"
            ],
            "authors": [
                {
                    "name": "Jacob Thornton",
                    "email": "jacobthornton@gmail.com"
                },
                {
                    "name": "Mark Otto",
                    "email": "markdotto@gmail.com"
                }
            ],
            "description": "The most popular front-end framework for developing responsive, mobile first projects on the web.",
            "homepage": "http://getbootstrap.com",
            "keywords": [
                "JS",
                "css",
                "framework",
                "front-end",
                "less",
                "mobile-first",
                "responsive",
                "web"
            ],
            "time": "2016-02-08 01:04:50"
        }
    ],
    "packages-dev": [],
    "aliases": [],
    "minimum-stability": "dev",
    "stability-flags": {
        "twbs/bootstrap": 20
    },
    "prefer-stable": false,
    "prefer-lowest": false,
    "platform": [],
    "platform-dev": []
}
